
Microsoft Visual Studio Solution File, Format Version 12.00
# Visual Studio 15
VisualStudioVersion = 15.0.27703.2047
MinimumVisualStudioVersion = 10.0.40219.1
Project("{FAE04EC0-301F-11D3-BF4B-00C04F79EFBC}") = "Windows Network Editor", "Windows Network Editor\Windows Network Editor.csproj", "{F076EEAA-2D3C-48F8-91DD-30E27AFBE13C}"
EndProject
Global
	GlobalSection(SolutionConfigurationPlatforms) = preSolution
		Debug|Any CPU = Debug|Any CPU
		Release|Any CPU = Release|Any CPU
	EndGlobalSection
	GlobalSection(ProjectConfigurationPlatforms) = postSolution
		{F076EEAA-2D3C-48F8-91DD-30E27AFBE13C}.Debug|Any CPU.ActiveCfg = Debug|Any CPU
		{F076EEAA-2D3C-48F8-91DD-30E27AFBE13C}.Debug|Any CPU.Build.0 = Debug|Any CPU
		{F076EEAA-2D3C-48F8-91DD-30E27AFBE13C}.Release|Any CPU.ActiveCfg = Release|Any CPU
		{F076EEAA-2D3C-48F8-91DD-30E27AFBE13C}.Release|Any CPU.Build.0 = Release|Any CPU
	EndGlobalSection
	GlobalSection(SolutionProperties) = preSolution
		HideSolutionNode = FALSE
	EndGlobalSection
	GlobalSection(ExtensibilityGlobals) = postSolution
		SolutionGuid = {37A19E36-6DCD-439E-9486-F02890267433}
	EndGlobalSection
EndGlobal
